{
  "version": "3",
  "packages": {
    "specifiers": {
      "npm:@types/node": "npm:@types/node@18.16.19"
    },
    "npm": {
      "@types/node@18.16.19": {
        "integrity": "sha512-IXl7o+R9iti9eBW4Wg2hx1xQDig183jj7YLn8F7udNceyfkbn1ZxmzZXuak20gR40D7pIkIY1kYGx5VIGbaHKA==",
        "dependencies": {}
      }
    }
  },
  "redirects": {
    "https://esm.sh/@octokit/core?dts": "https://esm.sh/@octokit/core@6.1.2?dts",
    "https://esm.sh/@octokit/plugin-paginate-rest": "https://esm.sh/@octokit/plugin-paginate-rest@11.3.0",
    "https://esm.sh/@octokit/plugin-rest-endpoint-methods": "https://esm.sh/@octokit/plugin-rest-endpoint-methods@13.2.1",
    "https://esm.sh/@octokit/plugin-throttling": "https://esm.sh/@octokit/plugin-throttling@9.3.0",
    "https://esm.sh/octokit?dts": "https://esm.sh/octokit@4.0.2?dts",
    "https://esm.sh/v135/@octokit/types": "https://esm.sh/v135/@octokit/types@13.5.0"
  },
  "remote": {
    "https://esm.sh/@octokit/core@6.1.2?dts": "263311f52fbd38cdf0aca84be5bb31fbb432998a0b5a33cb5c706f96e077b12a",
    "https://esm.sh/@octokit/plugin-paginate-rest@11.3.0": "ba1acad11fa22d7a77e2098071f8723a2bac0a7b77c3388176b3806c79205fbd",
    "https://esm.sh/@octokit/plugin-rest-endpoint-methods@13.2.1": "9f7a2d5f2e1052daedd9ba8e7756398f9cbdbaec3f848f24fcbf73b338670a74",
    "https://esm.sh/@octokit/plugin-throttling@9.3.0": "c1c1afa9c06ef83e3db448eae26884c1b887f3bfebae40f14880582bc7a89949",
    "https://esm.sh/octokit@4.0.2?dts": "62b38bff6663e273c6fd6b2fac4eac95343aec045ee89c94b07db8ad9f71baba",
    "https://esm.sh/v135/@octokit/app@15.0.1/denonext/app.mjs": "7b4084d12d8a2650ebd7c664380cd9e010ffb7d5d012a43444e3569a38737670",
    "https://esm.sh/v135/@octokit/auth-app@7.0.0/denonext/auth-app.mjs": "1bb4b60c13bf1d6ed10ccb5e14ae86cb5f65f92d20e118ee7649911ca46e636a",
    "https://esm.sh/v135/@octokit/auth-oauth-app@8.1.1/denonext/auth-oauth-app.mjs": "3053797c8f7c35a753fad67685d11b45bb57dc032a560d2f1fdc6c26f395c343",
    "https://esm.sh/v135/@octokit/auth-oauth-device@7.0.1/denonext/auth-oauth-device.mjs": "f8b5c89d9db21aa7510584f2182151ddee3aff137541a30bda6af062f6756291",
    "https://esm.sh/v135/@octokit/auth-oauth-device@7.1.1/denonext/auth-oauth-device.mjs": "e36853f66af1f6458c05b024d488d31fe68c0abc3e14289aba2a6dee334d826b",
    "https://esm.sh/v135/@octokit/auth-oauth-user@5.1.0/denonext/auth-oauth-user.mjs": "0d8c5f557f4cd800dcbda3199daafc5c32a624c8fdac58a4794ffee763559b6b",
    "https://esm.sh/v135/@octokit/auth-oauth-user@5.1.1/denonext/auth-oauth-user.mjs": "cdc1f3b62771f69ca140f6ec0e0e8f9c415f35bbaf7360e815ad3c030e974ad0",
    "https://esm.sh/v135/@octokit/auth-token@5.1.0/denonext/auth-token.mjs": "24c22015e586d621821b0acb1b5b82d32c95d1813d264ce8fa3f769ba8806e8c",
    "https://esm.sh/v135/@octokit/auth-token@5.1.1/denonext/auth-token.mjs": "afc5eb8208138b4b8aaac800b1f489e3274b593a33398967fa2f2af6cf22202f",
    "https://esm.sh/v135/@octokit/auth-unauthenticated@6.1.0/denonext/auth-unauthenticated.mjs": "db364a39d0ef09210c052d57e7b49a311e98e74477de1c223fb75e3d91168d6a",
    "https://esm.sh/v135/@octokit/core@6.1.2/denonext/core.mjs": "2629f0f304f0a8313644ed4ddedbf1c7fbce06e80aadc6f718f6a4b4f401f9d7",
    "https://esm.sh/v135/@octokit/endpoint@10.0.0/denonext/endpoint.mjs": "8d6f16f0b272fc7a20582637a3ffbd29c14f4bf629fafda05c33cf214b0dd716",
    "https://esm.sh/v135/@octokit/endpoint@10.1.0/denonext/endpoint.mjs": "cb307fd4d62518987144d31210f929e67d644c7bcad866cdfde547a528d48e12",
    "https://esm.sh/v135/@octokit/graphql@8.1.0/denonext/graphql.mjs": "a84701c7a52ca92d4b201f7502c3b048bfb3c0be9a131ed04bc736ccab160aba",
    "https://esm.sh/v135/@octokit/oauth-app@7.1.2/denonext/oauth-app.mjs": "f6bd50fbd48dbf0fe5569ef5c9c1168e448fc03b2c1393bbdcd3d35ae8c5a527",
    "https://esm.sh/v135/@octokit/oauth-authorization-url@7.1.0/denonext/oauth-authorization-url.mjs": "7039f7809ff3fc503c5d314ec8cf38e96b9dd303a504161a3f84d21c3a0f28b3",
    "https://esm.sh/v135/@octokit/oauth-methods@5.0.0/denonext/oauth-methods.mjs": "3f3acffcd60c6b4126a161f3d7e741d8e3049abb6f92e1b14a3456149f569dc4",
    "https://esm.sh/v135/@octokit/oauth-methods@5.1.0/denonext/oauth-methods.mjs": "98e336f868d5b229b9b729359076a49ddc075dca5dbb7b712bd2f6d9a9a22245",
    "https://esm.sh/v135/@octokit/plugin-paginate-graphql@5.2.2/denonext/plugin-paginate-graphql.mjs": "dd97a64df173c9e60f97547e8ecf2de6e1f31f95f4c8444ab0686d6f03405a99",
    "https://esm.sh/v135/@octokit/plugin-paginate-rest@11.3.0/denonext/plugin-paginate-rest.mjs": "df8d5c93e370b074d023d7f6e9a344fa53d22e0b5eeade142d0d3dbe07106dc3",
    "https://esm.sh/v135/@octokit/plugin-rest-endpoint-methods@13.2.1/denonext/plugin-rest-endpoint-methods.mjs": "5a8e7e70a718c3bea58caf80247b5f6f04260c21b30305320433a0226149aca7",
    "https://esm.sh/v135/@octokit/plugin-retry@7.1.1/denonext/plugin-retry.mjs": "5adb1aecd2f8c2933c7094982e6682bc566d65404d47566f917fb21afb987915",
    "https://esm.sh/v135/@octokit/plugin-throttling@9.3.0/denonext/plugin-throttling.mjs": "3656b36b508e2aab5ba35155ca2419433de4835b4882d9a4757a31771ef7a7e8",
    "https://esm.sh/v135/@octokit/request-error@6.0.2/denonext/request-error.mjs": "d25f73ba0f75f4ed9830caa96bffc7e36a73e51c0777caa8f436af3ede1cb116",
    "https://esm.sh/v135/@octokit/request-error@6.1.0/denonext/request-error.mjs": "271a5a47ff4c05bf414443880c68fcc4c75e4da7c0e2caab1a4998fe4b6961b3",
    "https://esm.sh/v135/@octokit/request-error@6.1.1/denonext/request-error.mjs": "defc383caa2ab78f4f13d0d4bdec0695d0631ee68b2e7c4c6527dbfcecf5a4e1",
    "https://esm.sh/v135/@octokit/request@9.0.1/denonext/request.mjs": "150c8b8f650bcb2567a3e30906871234b1f449cd3765af418d15e08767bea449",
    "https://esm.sh/v135/@octokit/request@9.1.0/denonext/request.mjs": "cc64353d55ef0f89428c9d752e57adad51e8dc7e03884f6086f8b953f781ae3e",
    "https://esm.sh/v135/@octokit/request@9.1.1/denonext/request.mjs": "244ea781a56043a408039581a4ccedd65a434c1311a21c1893cb546bfc2dd3d5",
    "https://esm.sh/v135/@octokit/types@13.5.0": "fabf6997a3adf11e45d11e3c4d58d0634ab98f9d72f3116f3694123818ccd457",
    "https://esm.sh/v135/@octokit/webhooks-methods@5.1.0/denonext/webhooks-methods.mjs": "919b7b8fa563f73b622638845f78fb2fe7cda819980c8fb4247b75ad016c40c4",
    "https://esm.sh/v135/@octokit/webhooks@13.2.6/denonext/webhooks.mjs": "d9399dfe1955d21fcbd08e4c295425ac013a339729354ec5c126688534bfccc9",
    "https://esm.sh/v135/aggregate-error@5.0.0/denonext/aggregate-error.mjs": "900759836bccf4093f090df491ef30fae123064a9b894ad6ad93950f3b434b40",
    "https://esm.sh/v135/before-after-hook@3.0.2/denonext/before-after-hook.mjs": "cf2363bb9be543fadd912087b89d461082fd2ee66a9a3cc81fbeeea11aea8c32",
    "https://esm.sh/v135/bottleneck@2.19.5/denonext/light.js": "964cbaaa1bf999d34a2410023ae269f921c82c72009c707a1fd02fb6abad5b1d",
    "https://esm.sh/v135/clean-stack@5.2.0/denonext/clean-stack.mjs": "9f464fabd8ed985b76a8bf016f9cd42a65265853670c0b05b360fd81376809b1",
    "https://esm.sh/v135/escape-string-regexp@5.0.0/denonext/escape-string-regexp.mjs": "6080dd39c43a11f999a41172a27b8c58572d747d8276c039d93d4be8b21747a5",
    "https://esm.sh/v135/indent-string@5.0.0/denonext/indent-string.mjs": "8daccc9d45d018c7da7f17c76cf1b4ffd61de4dd7c06537e5930ff9c3386e676",
    "https://esm.sh/v135/lru-cache@10.2.2/denonext/lru-cache.mjs": "f7234fd467daefbdde676c26248bc381b91aa1d78274790f757ed2983e7793de",
    "https://esm.sh/v135/octokit@4.0.2/denonext/octokit.mjs": "7b615515660d3d1b3024e07e51ef0d5625c4a3f6de04b0e1756796d6fe5914c4",
    "https://esm.sh/v135/universal-github-app-jwt@2.1.0/denonext/universal-github-app-jwt.mjs": "08710f74b4aad214153631556c583da5489523be1d341da1dc61d167deb08724",
    "https://esm.sh/v135/universal-user-agent@7.0.2/denonext/universal-user-agent.mjs": "c95431a8f6a7593e78b18ba137d1ae8fb8e2c7ebbcfc55c3d2cf1c9667ae8554"
  }
}
